Microsoft Visual Studio Solution File, Format Version 11.00
# Visual Studio 2008

Project("{5B466715-DCEE-D5E7-66F5-B85A5561E505}") = "CreepMeterV2.0", "Assembly-CSharp.csproj", "{DA42855B-2563-89CE-1375-70F589AAD185}"
EndProject
Global
	GlobalSection(SolutionConfigurationPlatforms) = preSolution
		Debug|Any CPU = Debug|Any CPU
		Release|Any CPU = Release|Any CPU
	EndGlobalSection
	GlobalSection(ProjectConfigurationPlatforms) = postSolution
		{DA42855B-2563-89CE-1375-70F589AAD185}.Debug|Any CPU.ActiveCfg = Debug|Any CPU
		{DA42855B-2563-89CE-1375-70F589AAD185}.Debug|Any CPU.Build.0 = Debug|Any CPU
		{DA42855B-2563-89CE-1375-70F589AAD185}.Release|Any CPU.ActiveCfg = Release|Any CPU
		{DA42855B-2563-89CE-1375-70F589AAD185}.Release|Any CPU.Build.0 = Release|Any CPU
	EndGlobalSection
	GlobalSection(SolutionProperties) = preSolution
		HideSolutionNode = FALSE
	EndGlobalSection
	GlobalSection(MonoDevelopProperties) = preSolution
		StartupItem = Assembly-CSharp.csproj
	EndGlobalSection
EndGlobal
